
Microsoft Visual Studio Solution File, Format Version 12.00
# Visual Studio 2012
Project("{FAE04EC0-301F-11D3-BF4B-00C04F79EFBC}") = "C303_Produce", "C302_Produce\C303_Produce.csproj", "{A76F1D15-D76C-420A-A565-FF3A521EE664}"
EndProject
Global
	GlobalSection(SolutionConfigurationPlatforms) = preSolution
		Debug|Any CPU = Debug|Any CPU
		Release|Any CPU = Release|Any CPU
	EndGlobalSection
	GlobalSection(ProjectConfigurationPlatforms) = postSolution
		{A76F1D15-D76C-420A-A565-FF3A521EE664}.Debug|Any CPU.ActiveCfg = Debug|Any CPU
		{A76F1D15-D76C-420A-A565-FF3A521EE664}.Debug|Any CPU.Build.0 = Debug|Any CPU
		{A76F1D15-D76C-420A-A565-FF3A521EE664}.Release|Any CPU.ActiveCfg = Release|Any CPU
		{A76F1D15-D76C-420A-A565-FF3A521EE664}.Release|Any CPU.Build.0 = Release|Any CPU
	EndGlobalSection
	GlobalSection(SolutionProperties) = preSolution
		HideSolutionNode = FALSE
	EndGlobalSection
	GlobalSection(SubversionScc) = preSolution
		Svn-Managed = True
		Manager = AnkhSVN - Subversion Support for Visual Studio
	EndGlobalSection
EndGlobal
